
Microsoft Visual Studio Solution File, Format Version 12.00
# Visual Studio Version 17
VisualStudioVersion = 17.13.35828.75 d17.13
MinimumVisualStudioVersion = 10.0.40219.1
Project("{FAE04EC0-301F-11D3-BF4B-00C04F79EFBC}") = "Solution", "Solution\Solution.csproj", "{FF6D0AF3-F873-421B-931C-ECA836357341}"
EndProject
Global
	GlobalSection(SolutionConfigurationPlatforms) = preSolution
		Debug|Any CPU = Debug|Any CPU
		Release|Any CPU = Release|Any CPU
	EndGlobalSection
	GlobalSection(ProjectConfigurationPlatforms) = postSolution
		{FF6D0AF3-F873-421B-931C-ECA836357341}.Debug|Any CPU.ActiveCfg = Debug|Any CPU
		{FF6D0AF3-F873-421B-931C-ECA836357341}.Debug|Any CPU.Build.0 = Debug|Any CPU
		{FF6D0AF3-F873-421B-931C-ECA836357341}.Release|Any CPU.ActiveCfg = Release|Any CPU
		{FF6D0AF3-F873-421B-931C-ECA836357341}.Release|Any CPU.Build.0 = Release|Any CPU
	EndGlobalSection
	GlobalSection(SolutionProperties) = preSolution
		HideSolutionNode = FALSE
	EndGlobalSection
	GlobalSection(ExtensibilityGlobals) = postSolution
		SolutionGuid = {8B45E8D9-B97F-44AD-BA8F-DF7D4AA8372D}
	EndGlobalSection
EndGlobal
