
Microsoft Visual Studio Solution File, Format Version 12.00
# Visual Studio Version 17
VisualStudioVersion = 17.13.35828.75 d17.13
MinimumVisualStudioVersion = 10.0.40219.1
Project("{FAE04EC0-301F-11D3-BF4B-00C04F79EFBC}") = "Solution", "Solution\Solution.csproj", "{9BD792E5-2CAC-4956-AA5D-27EED1F8FA31}"
EndProject
Global
	GlobalSection(SolutionConfigurationPlatforms) = preSolution
		Debug|Any CPU = Debug|Any CPU
		Release|Any CPU = Release|Any CPU
	EndGlobalSection
	GlobalSection(ProjectConfigurationPlatforms) = postSolution
		{9BD792E5-2CAC-4956-AA5D-27EED1F8FA31}.Debug|Any CPU.ActiveCfg = Debug|Any CPU
		{9BD792E5-2CAC-4956-AA5D-27EED1F8FA31}.Debug|Any CPU.Build.0 = Debug|Any CPU
		{9BD792E5-2CAC-4956-AA5D-27EED1F8FA31}.Release|Any CPU.ActiveCfg = Release|Any CPU
		{9BD792E5-2CAC-4956-AA5D-27EED1F8FA31}.Release|Any CPU.Build.0 = Release|Any CPU
	EndGlobalSection
	GlobalSection(SolutionProperties) = preSolution
		HideSolutionNode = FALSE
	EndGlobalSection
	GlobalSection(ExtensibilityGlobals) = postSolution
		SolutionGuid = {FA2A6EF2-D50F-4250-843A-7F70179F98DE}
	EndGlobalSection
EndGlobal
