
Microsoft Visual Studio Solution File, Format Version 12.00
# Visual Studio Version 17
VisualStudioVersion = 17.13.35828.75 d17.13
MinimumVisualStudioVersion = 10.0.40219.1
Project("{FAE04EC0-301F-11D3-BF4B-00C04F79EFBC}") = "Solution", "Solution\Solution.csproj", "{17473B6F-27F3-4C77-A59B-9F5F0196B9D0}"
EndProject
Global
	GlobalSection(SolutionConfigurationPlatforms) = preSolution
		Debug|Any CPU = Debug|Any CPU
		Release|Any CPU = Release|Any CPU
	EndGlobalSection
	GlobalSection(ProjectConfigurationPlatforms) = postSolution
		{17473B6F-27F3-4C77-A59B-9F5F0196B9D0}.Debug|Any CPU.ActiveCfg = Debug|Any CPU
		{17473B6F-27F3-4C77-A59B-9F5F0196B9D0}.Debug|Any CPU.Build.0 = Debug|Any CPU
		{17473B6F-27F3-4C77-A59B-9F5F0196B9D0}.Release|Any CPU.ActiveCfg = Release|Any CPU
		{17473B6F-27F3-4C77-A59B-9F5F0196B9D0}.Release|Any CPU.Build.0 = Release|Any CPU
	EndGlobalSection
	GlobalSection(SolutionProperties) = preSolution
		HideSolutionNode = FALSE
	EndGlobalSection
	GlobalSection(ExtensibilityGlobals) = postSolution
		SolutionGuid = {D20192EB-6B5E-4457-A880-D5BB81D2CAC0}
	EndGlobalSection
EndGlobal
